// !$*UTF8*$!
{
	archiveVersion = 1;
	classes = {
	};
	objectVersion = 46;
	objects = {

/* Begin PBXBuildFile section */
		F7AB26E61DF62ACF004DFC86 /* AppDelegate.swift in Sources */ = {isa = PBXBuildFile; fileRef = F7AB26E51DF62ACF004DFC86 /* AppDelegate.swift */; };
		F7AB26E81DF62ACF004DFC86 /* LocationsListViewController.swift in Sources */ = {isa = PBXBuildFile; fileRef = F7AB26E71DF62ACF004DFC86 /* LocationsListViewController.swift */; };
		F7AB26EB1DF62ACF004DFC86 /* Main.storyboard in Resources */ = {isa = PBXBuildFile; fileRef = F7AB26E91DF62ACF004DFC86 /* Main.storyboard */; };
		F7AB26ED1DF62ACF004DFC86 /* Assets.xcassets in Resources */ = {isa = PBXBuildFile; fileRef = F7AB26EC1DF62ACF004DFC86 /* Assets.xcassets */; };
		F7AB26F01DF62ACF004DFC86 /* LaunchScreen.storyboard in Resources */ = {isa = PBXBuildFile; fileRef = F7AB26EE1DF62ACF004DFC86 /* LaunchScreen.storyboard */; };
		F7AB26FB1DF62AD0004DFC86 /* PhotoSpotsTests.swift in Sources */ = {isa = PBXBuildFile; fileRef = F7AB26FA1DF62AD0004DFC86 /* PhotoSpotsTests.swift */; };
		F7AB27131DF62B1C004DFC86 /* PhotoSpotsCore.framework in Frameworks */ = {isa = PBXBuildFile; fileRef = F7AB270A1DF62B1C004DFC86 /* PhotoSpotsCore.framework */; };
		F7AB271A1DF62B1D004DFC86 /* PhotoSpotsCoreTests.swift in Sources */ = {isa = PBXBuildFile; fileRef = F7AB27191DF62B1D004DFC86 /* PhotoSpotsCoreTests.swift */; };
		F7AB271C1DF62B1D004DFC86 /* PhotoSpotsCore.h in Headers */ = {isa = PBXBuildFile; fileRef = F7AB270C1DF62B1C004DFC86 /* PhotoSpotsCore.h */; settings = {ATTRIBUTES = (Public, ); }; };
		F7AB271F1DF62B1D004DFC86 /* PhotoSpotsCore.framework in Frameworks */ = {isa = PBXBuildFile; fileRef = F7AB270A1DF62B1C004DFC86 /* PhotoSpotsCore.framework */; };
		F7AB27201DF62B1D004DFC86 /* PhotoSpotsCore.framework in Embed Frameworks */ = {isa = PBXBuildFile; fileRef = F7AB270A1DF62B1C004DFC86 /* PhotoSpotsCore.framework */; settings = {ATTRIBUTES = (CodeSignOnCopy, RemoveHeadersOnCopy, ); }; };
		F7AB27291DF62BE2004DFC86 /* locations.json in Resources */ = {isa = PBXBuildFile; fileRef = F7AB27281DF62BE2004DFC86 /* locations.json */; };
		F7AB272B1DF62E86004DFC86 /* LocationsMapViewController.swift in Sources */ = {isa = PBXBuildFile; fileRef = F7AB272A1DF62E86004DFC86 /* LocationsMapViewController.swift */; };
		F7AB27311DF62F22004DFC86 /* Location.swift in Sources */ = {isa = PBXBuildFile; fileRef = F7AB27301DF62F22004DFC86 /* Location.swift */; };
		F7AB27331DF62FD7004DFC86 /* LocalStorage.swift in Sources */ = {isa = PBXBuildFile; fileRef = F7AB27321DF62FD7004DFC86 /* LocalStorage.swift */; };
		F7AB27351DF63051004DFC86 /* Defaults.swift in Sources */ = {isa = PBXBuildFile; fileRef = F7AB27341DF63051004DFC86 /* Defaults.swift */; };
		F7AB27371DF630BE004DFC86 /* LocationsController.swift in Sources */ = {isa = PBXBuildFile; fileRef = F7AB27361DF630BE004DFC86 /* LocationsController.swift */; };
		F7AB27391DF634C2004DFC86 /* LocationsJSONSerializer.swift in Sources */ = {isa = PBXBuildFile; fileRef = F7AB27381DF634C2004DFC86 /* LocationsJSONSerializer.swift */; };
		F7AB273B1DF64445004DFC86 /* LocationsListViewController+TableView.swift in Sources */ = {isa = PBXBuildFile; fileRef = F7AB273A1DF64445004DFC86 /* LocationsListViewController+TableView.swift */; };
		F7AB273F1DF6450C004DFC86 /* LocationsListTableViewCell.swift in Sources */ = {isa = PBXBuildFile; fileRef = F7AB273D1DF6450C004DFC86 /* LocationsListTableViewCell.swift */; };
		F7AB27401DF6450C004DFC86 /* LocationsListTableViewCell.xib in Resources */ = {isa = PBXBuildFile; fileRef = F7AB273E1DF6450C004DFC86 /* LocationsListTableViewCell.xib */; };
		F7AB27431DF64543004DFC86 /* Reusable.swift in Sources */ = {isa = PBXBuildFile; fileRef = F7AB27421DF64543004DFC86 /* Reusable.swift */; };
		F7AB27471DF645E2004DFC86 /* LocationsListCellViewModel.swift in Sources */ = {isa = PBXBuildFile; fileRef = F7AB27451DF645B7004DFC86 /* LocationsListCellViewModel.swift */; };
/* End PBXBuildFile section */

/* Begin PBXContainerItemProxy section */
		F7AB26F71DF62AD0004DFC86 /* PBXContainerItemProxy */ = {
			isa = PBXContainerItemProxy;
			containerPortal = F7AB26DA1DF62ACF004DFC86 /* Project object */;
			proxyType = 1;
			remoteGlobalIDString = F7AB26E11DF62ACF004DFC86;
			remoteInfo = PhotoSpots;
		};
		F7AB27141DF62B1C004DFC86 /* PBXContainerItemProxy */ = {
			isa = PBXContainerItemProxy;
			containerPortal = F7AB26DA1DF62ACF004DFC86 /* Project object */;
			proxyType = 1;
			remoteGlobalIDString = F7AB27091DF62B1C004DFC86;
			remoteInfo = PhotoSpotsCore;
		};
		F7AB27161DF62B1D004DFC86 /* PBXContainerItemProxy */ = {
			isa = PBXContainerItemProxy;
			containerPortal = F7AB26DA1DF62ACF004DFC86 /* Project object */;
			proxyType = 1;
			remoteGlobalIDString = F7AB26E11DF62ACF004DFC86;
			remoteInfo = PhotoSpots;
		};
		F7AB271D1DF62B1D004DFC86 /* PBXContainerItemProxy */ = {
			isa = PBXContainerItemProxy;
			containerPortal = F7AB26DA1DF62ACF004DFC86 /* Project object */;
			proxyType = 1;
			remoteGlobalIDString = F7AB27091DF62B1C004DFC86;
			remoteInfo = PhotoSpotsCore;
		};
/* End PBXContainerItemProxy section */

/* Begin PBXCopyFilesBuildPhase section */
		F7AB27261DF62B1D004DFC86 /* Embed Frameworks */ = {
			isa = PBXCopyFilesBuildPhase;
			buildActionMask = 2147483647;
			dstPath = "";
			dstSubfolderSpec = 10;
			files = (
				F7AB27201DF62B1D004DFC86 /* PhotoSpotsCore.framework in Embed Frameworks */,
			);
			name = "Embed Frameworks";
			runOnlyForDeploymentPostprocessing = 0;
		};
/* End PBXCopyFilesBuildPhase section */

/* Begin PBXFileReference section */
		F7AB26E21DF62ACF004DFC86 /* PhotoSpots.app */ = {isa = PBXFileReference; explicitFileType = wrapper.application; includeInIndex = 0; path = PhotoSpots.app; sourceTree = BUILT_PRODUCTS_DIR; };
		F7AB26E51DF62ACF004DFC86 /* AppDelegate.swift */ = {isa = PBXFileReference; lastKnownFileType = sourcecode.swift; path = AppDelegate.swift; sourceTree = "<group>"; };
		F7AB26E71DF62ACF004DFC86 /* LocationsListViewController.swift */ = {isa = PBXFileReference; lastKnownFileType = sourcecode.swift; name = LocationsListViewController.swift; path = "View Controllers/LocationsListViewController.swift"; sourceTree = "<group>"; };
		F7AB26EA1DF62ACF004DFC86 /* Base */ = {isa = PBXFileReference; lastKnownFileType = file.storyboard; name = Base; path = Base.lproj/Main.storyboard; sourceTree = "<group>"; };
		F7AB26EC1DF62ACF004DFC86 /* Assets.xcassets */ = {isa = PBXFileReference; lastKnownFileType = folder.assetcatalog; path = Assets.xcassets; sourceTree = "<group>"; };
		F7AB26EF1DF62ACF004DFC86 /* Base */ = {isa = PBXFileReference; lastKnownFileType = file.storyboard; name = Base; path = Base.lproj/LaunchScreen.storyboard; sourceTree = "<group>"; };
		F7AB26F11DF62ACF004DFC86 /* Info.plist */ = {isa = PBXFileReference; lastKnownFileType = text.plist.xml; path = Info.plist; sourceTree = "<group>"; };
		F7AB26F61DF62AD0004DFC86 /* PhotoSpotsTests.xctest */ = {isa = PBXFileReference; explicitFileType = wrapper.cfbundle; includeInIndex = 0; path = PhotoSpotsTests.xctest; sourceTree = BUILT_PRODUCTS_DIR; };
		F7AB26FA1DF62AD0004DFC86 /* PhotoSpotsTests.swift */ = {isa = PBXFileReference; lastKnownFileType = sourcecode.swift; path = PhotoSpotsTests.swift; sourceTree = "<group>"; };
		F7AB26FC1DF62AD0004DFC86 /* Info.plist */ = {isa = PBXFileReference; lastKnownFileType = text.plist.xml; path = Info.plist; sourceTree = "<group>"; };
		F7AB270A1DF62B1C004DFC86 /* PhotoSpotsCore.framework */ = {isa = PBXFileReference; explicitFileType = wrapper.framework; includeInIndex = 0; path = PhotoSpotsCore.framework; sourceTree = BUILT_PRODUCTS_DIR; };
		F7AB270C1DF62B1C004DFC86 /* PhotoSpotsCore.h */ = {isa = PBXFileReference; lastKnownFileType = sourcecode.c.h; path = PhotoSpotsCore.h; sourceTree = "<group>"; };
		F7AB270D1DF62B1C004DFC86 /* Info.plist */ = {isa = PBXFileReference; lastKnownFileType = text.plist.xml; path = Info.plist; sourceTree = "<group>"; };
		F7AB27121DF62B1C004DFC86 /* PhotoSpotsCoreTests.xctest */ = {isa = PBXFileReference; explicitFileType = wrapper.cfbundle; includeInIndex = 0; path = PhotoSpotsCoreTests.xctest; sourceTree = BUILT_PRODUCTS_DIR; };
		F7AB27191DF62B1D004DFC86 /* PhotoSpotsCoreTests.swift */ = {isa = PBXFileReference; lastKnownFileType = sourcecode.swift; path = PhotoSpotsCoreTests.swift; sourceTree = "<group>"; };
		F7AB271B1DF62B1D004DFC86 /* Info.plist */ = {isa = PBXFileReference; lastKnownFileType = text.plist.xml; path = Info.plist; sourceTree = "<group>"; };
		F7AB27281DF62BE2004DFC86 /* locations.json */ = {isa = PBXFileReference; fileEncoding = 4; lastKnownFileType = text.json; path = locations.json; sourceTree = "<group>"; };
		F7AB272A1DF62E86004DFC86 /* LocationsMapViewController.swift */ = {isa = PBXFileReference; fileEncoding = 4; lastKnownFileType = sourcecode.swift; name = LocationsMapViewController.swift; path = "View Controllers/LocationsMapViewController.swift"; sourceTree = "<group>"; };
		F7AB27301DF62F22004DFC86 /* Location.swift */ = {isa = PBXFileReference; fileEncoding = 4; lastKnownFileType = sourcecode.swift; name = Location.swift; path = Models/Location.swift; sourceTree = "<group>"; };
		F7AB27321DF62FD7004DFC86 /* LocalStorage.swift */ = {isa = PBXFileReference; fileEncoding = 4; lastKnownFileType = sourcecode.swift; name = LocalStorage.swift; path = Controllers/LocalStorage.swift; sourceTree = "<group>"; };
		F7AB27341DF63051004DFC86 /* Defaults.swift */ = {isa = PBXFileReference; fileEncoding = 4; lastKnownFileType = sourcecode.swift; name = Defaults.swift; path = Controllers/Defaults.swift; sourceTree = "<group>"; };
		F7AB27361DF630BE004DFC86 /* LocationsController.swift */ = {isa = PBXFileReference; fileEncoding = 4; lastKnownFileType = sourcecode.swift; name = LocationsController.swift; path = Controllers/LocationsController.swift; sourceTree = "<group>"; };
		F7AB27381DF634C2004DFC86 /* LocationsJSONSerializer.swift */ = {isa = PBXFileReference; fileEncoding = 4; lastKnownFileType = sourcecode.swift; name = LocationsJSONSerializer.swift; path = Controllers/LocationsJSONSerializer.swift; sourceTree = "<group>"; };
		F7AB273A1DF64445004DFC86 /* LocationsListViewController+TableView.swift */ = {isa = PBXFileReference; fileEncoding = 4; lastKnownFileType = sourcecode.swift; name = "LocationsListViewController+TableView.swift"; path = "View Controllers/LocationsListViewController+TableView.swift"; sourceTree = "<group>"; };
		F7AB273D1DF6450C004DFC86 /* LocationsListTableViewCell.swift */ = {isa = PBXFileReference; fileEncoding = 4; lastKnownFileType = sourcecode.swift; name = LocationsListTableViewCell.swift; path = Cells/LocationsListTableViewCell.swift; sourceTree = "<group>"; };
		F7AB273E1DF6450C004DFC86 /* LocationsListTableViewCell.xib */ = {isa = PBXFileReference; fileEncoding = 4; lastKnownFileType = file.xib; name = LocationsListTableViewCell.xib; path = Cells/LocationsListTableViewCell.xib; sourceTree = "<group>"; };
		F7AB27421DF64543004DFC86 /* Reusable.swift */ = {isa = PBXFileReference; fileEncoding = 4; lastKnownFileType = sourcecode.swift; name = Reusable.swift; path = Utilities/Reusable.swift; sourceTree = "<group>"; };
		F7AB27451DF645B7004DFC86 /* LocationsListCellViewModel.swift */ = {isa = PBXFileReference; fileEncoding = 4; lastKnownFileType = sourcecode.swift; name = LocationsListCellViewModel.swift; path = "View Models/LocationsListCellViewModel.swift"; sourceTree = "<group>"; };
/* End PBXFileReference section */

/* Begin PBXFrameworksBuildPhase section */
		F7AB26DF1DF62ACF004DFC86 /* Frameworks */ = {
			isa = PBXFrameworksBuildPhase;
			buildActionMask = 2147483647;
			files = (
				F7AB271F1DF62B1D004DFC86 /* PhotoSpotsCore.framework in Frameworks */,
			);
			runOnlyForDeploymentPostprocessing = 0;
		};
		F7AB26F31DF62AD0004DFC86 /* Frameworks */ = {
			isa = PBXFrameworksBuildPhase;
			buildActionMask = 2147483647;
			files = (
			);
			runOnlyForDeploymentPostprocessing = 0;
		};
		F7AB27061DF62B1C004DFC86 /* Frameworks */ = {
			isa = PBXFrameworksBuildPhase;
			buildActionMask = 2147483647;
			files = (
			);
			runOnlyForDeploymentPostprocessing = 0;
		};
		F7AB270F1DF62B1C004DFC86 /* Frameworks */ = {
			isa = PBXFrameworksBuildPhase;
			buildActionMask = 2147483647;
			files = (
				F7AB27131DF62B1C004DFC86 /* PhotoSpotsCore.framework in Frameworks */,
			);
			runOnlyForDeploymentPostprocessing = 0;
		};
/* End PBXFrameworksBuildPhase section */

/* Begin PBXGroup section */
		F7AB26D91DF62ACF004DFC86 = {
			isa = PBXGroup;
			children = (
				F7AB26E41DF62ACF004DFC86 /* PhotoSpots */,
				F7AB26F91DF62AD0004DFC86 /* PhotoSpotsTests */,
				F7AB270B1DF62B1C004DFC86 /* PhotoSpotsCore */,
				F7AB27181DF62B1D004DFC86 /* PhotoSpotsCoreTests */,
				F7AB26E31DF62ACF004DFC86 /* Products */,
			);
			sourceTree = "<group>";
		};
		F7AB26E31DF62ACF004DFC86 /* Products */ = {
			isa = PBXGroup;
			children = (
				F7AB26E21DF62ACF004DFC86 /* PhotoSpots.app */,
				F7AB26F61DF62AD0004DFC86 /* PhotoSpotsTests.xctest */,
				F7AB270A1DF62B1C004DFC86 /* PhotoSpotsCore.framework */,
				F7AB27121DF62B1C004DFC86 /* PhotoSpotsCoreTests.xctest */,
			);
			name = Products;
			sourceTree = "<group>";
		};
		F7AB26E41DF62ACF004DFC86 /* PhotoSpots */ = {
			isa = PBXGroup;
			children = (
				F7AB26E51DF62ACF004DFC86 /* AppDelegate.swift */,
				F7AB273C1DF644EE004DFC86 /* Cells */,
				F7AB272C1DF62E8A004DFC86 /* View Controllers */,
				F7AB26E91DF62ACF004DFC86 /* Main.storyboard */,
				F7AB26EC1DF62ACF004DFC86 /* Assets.xcassets */,
				F7AB26EE1DF62ACF004DFC86 /* LaunchScreen.storyboard */,
				F7AB26F11DF62ACF004DFC86 /* Info.plist */,
			);
			path = PhotoSpots;
			sourceTree = "<group>";
		};
		F7AB26F91DF62AD0004DFC86 /* PhotoSpotsTests */ = {
			isa = PBXGroup;
			children = (
				F7AB26FA1DF62AD0004DFC86 /* PhotoSpotsTests.swift */,
				F7AB26FC1DF62AD0004DFC86 /* Info.plist */,
			);
			path = PhotoSpotsTests;
			sourceTree = "<group>";
		};
		F7AB270B1DF62B1C004DFC86 /* PhotoSpotsCore */ = {
			isa = PBXGroup;
			children = (
				F7AB27441DF6459F004DFC86 /* View Models */,
				F7AB27411DF64528004DFC86 /* Utilities */,
				F7AB272E1DF62F03004DFC86 /* Models */,
				F7AB272F1DF62F07004DFC86 /* Controllers */,
				F7AB270C1DF62B1C004DFC86 /* PhotoSpotsCore.h */,
				F7AB27281DF62BE2004DFC86 /* locations.json */,
				F7AB270D1DF62B1C004DFC86 /* Info.plist */,
			);
			path = PhotoSpotsCore;
			sourceTree = "<group>";
		};
		F7AB27181DF62B1D004DFC86 /* PhotoSpotsCoreTests */ = {
			isa = PBXGroup;
			children = (
				F7AB27191DF62B1D004DFC86 /* PhotoSpotsCoreTests.swift */,
				F7AB271B1DF62B1D004DFC86 /* Info.plist */,
			);
			path = PhotoSpotsCoreTests;
			sourceTree = "<group>";
		};
		F7AB272C1DF62E8A004DFC86 /* View Controllers */ = {
			isa = PBXGroup;
			children = (
				F7AB26E71DF62ACF004DFC86 /* LocationsListViewController.swift */,
				F7AB273A1DF64445004DFC86 /* LocationsListViewController+TableView.swift */,
				F7AB272A1DF62E86004DFC86 /* LocationsMapViewController.swift */,
			);
			name = "View Controllers";
			sourceTree = "<group>";
		};
		F7AB272E1DF62F03004DFC86 /* Models */ = {
			isa = PBXGroup;
			children = (
				F7AB27301DF62F22004DFC86 /* Location.swift */,
			);
			name = Models;
			sourceTree = "<group>";
		};
		F7AB272F1DF62F07004DFC86 /* Controllers */ = {
			isa = PBXGroup;
			children = (
				F7AB27361DF630BE004DFC86 /* LocationsController.swift */,
				F7AB27381DF634C2004DFC86 /* LocationsJSONSerializer.swift */,
				F7AB27321DF62FD7004DFC86 /* LocalStorage.swift */,
				F7AB27341DF63051004DFC86 /* Defaults.swift */,
			);
			name = Controllers;
			sourceTree = "<group>";
		};
		F7AB273C1DF644EE004DFC86 /* Cells */ = {
			isa = PBXGroup;
			children = (
				F7AB273D1DF6450C004DFC86 /* LocationsListTableViewCell.swift */,
				F7AB273E1DF6450C004DFC86 /* LocationsListTableViewCell.xib */,
			);
			name = Cells;
			sourceTree = "<group>";
		};
		F7AB27411DF64528004DFC86 /* Utilities */ = {
			isa = PBXGroup;
			children = (
				F7AB27421DF64543004DFC86 /* Reusable.swift */,
			);
			name = Utilities;
			sourceTree = "<group>";
		};
		F7AB27441DF6459F004DFC86 /* View Models */ = {
			isa = PBXGroup;
			children = (
				F7AB27451DF645B7004DFC86 /* LocationsListCellViewModel.swift */,
			);
			name = "View Models";
			path = ../PhotoSpots;
			sourceTree = "<group>";
		};
/* End PBXGroup section */

/* Begin PBXHeadersBuildPhase section */
		F7AB27071DF62B1C004DFC86 /* Headers */ = {
			isa = PBXHeadersBuildPhase;
			buildActionMask = 2147483647;
			files = (
				F7AB271C1DF62B1D004DFC86 /* PhotoSpotsCore.h in Headers */,
			);
			runOnlyForDeploymentPostprocessing = 0;
		};
/* End PBXHeadersBuildPhase section */

/* Begin PBXNativeTarget section */
		F7AB26E11DF62ACF004DFC86 /* PhotoSpots */ = {
			isa = PBXNativeTarget;
			buildConfigurationList = F7AB26FF1DF62AD0004DFC86 /* Build configuration list for PBXNativeTarget "PhotoSpots" */;
			buildPhases = (
				F7AB26DE1DF62ACF004DFC86 /* Sources */,
				F7AB26DF1DF62ACF004DFC86 /* Frameworks */,
				F7AB26E01DF62ACF004DFC86 /* Resources */,
				F7AB27261DF62B1D004DFC86 /* Embed Frameworks */,
			);
			buildRules = (
			);
			dependencies = (
				F7AB271E1DF62B1D004DFC86 /* PBXTargetDependency */,
			);
			name = PhotoSpots;
			productName = PhotoSpots;
			productReference = F7AB26E21DF62ACF004DFC86 /* PhotoSpots.app */;
			productType = "com.apple.product-type.application";
		};
		F7AB26F51DF62AD0004DFC86 /* PhotoSpotsTests */ = {
			isa = PBXNativeTarget;
			buildConfigurationList = F7AB27021DF62AD0004DFC86 /* Build configuration list for PBXNativeTarget "PhotoSpotsTests" */;
			buildPhases = (
				F7AB26F21DF62AD0004DFC86 /* Sources */,
				F7AB26F31DF62AD0004DFC86 /* Frameworks */,
				F7AB26F41DF62AD0004DFC86 /* Resources */,
			);
			buildRules = (
			);
			dependencies = (
				F7AB26F81DF62AD0004DFC86 /* PBXTargetDependency */,
			);
			name = PhotoSpotsTests;
			productName = PhotoSpotsTests;
			productReference = F7AB26F61DF62AD0004DFC86 /* PhotoSpotsTests.xctest */;
			productType = "com.apple.product-type.bundle.unit-test";
		};
		F7AB27091DF62B1C004DFC86 /* PhotoSpotsCore */ = {
			isa = PBXNativeTarget;
			buildConfigurationList = F7AB27251DF62B1D004DFC86 /* Build configuration list for PBXNativeTarget "PhotoSpotsCore" */;
			buildPhases = (
				F7AB27051DF62B1C004DFC86 /* Sources */,
				F7AB27061DF62B1C004DFC86 /* Frameworks */,
				F7AB27071DF62B1C004DFC86 /* Headers */,
				F7AB27081DF62B1C004DFC86 /* Resources */,
			);
			buildRules = (
			);
			dependencies = (
			);
			name = PhotoSpotsCore;
			productName = PhotoSpotsCore;
			productReference = F7AB270A1DF62B1C004DFC86 /* PhotoSpotsCore.framework */;
			productType = "com.apple.product-type.framework";
		};
		F7AB27111DF62B1C004DFC86 /* PhotoSpotsCoreTests */ = {
			isa = PBXNativeTarget;
			buildConfigurationList = F7AB27271DF62B1D004DFC86 /* Build configuration list for PBXNativeTarget "PhotoSpotsCoreTests" */;
			buildPhases = (
				F7AB270E1DF62B1C004DFC86 /* Sources */,
				F7AB270F1DF62B1C004DFC86 /* Frameworks */,
				F7AB27101DF62B1C004DFC86 /* Resources */,
			);
			buildRules = (
			);
			dependencies = (
				F7AB27151DF62B1C004DFC86 /* PBXTargetDependency */,
				F7AB27171DF62B1D004DFC86 /* PBXTargetDependency */,
			);
			name = PhotoSpotsCoreTests;
			productName = PhotoSpotsCoreTests;
			productReference = F7AB27121DF62B1C004DFC86 /* PhotoSpotsCoreTests.xctest */;
			productType = "com.apple.product-type.bundle.unit-test";
		};
/* End PBXNativeTarget section */

/* Begin PBXProject section */
		F7AB26DA1DF62ACF004DFC86 /* Project object */ = {
			isa = PBXProject;
			attributes = {
				LastSwiftUpdateCheck = 0810;
				LastUpgradeCheck = 0810;
				ORGANIZATIONNAME = "Phill Farrugia";
				TargetAttributes = {
					F7AB26E11DF62ACF004DFC86 = {
						CreatedOnToolsVersion = 8.1;
						DevelopmentTeam = 6VSG94VVFH;
						ProvisioningStyle = Automatic;
					};
					F7AB26F51DF62AD0004DFC86 = {
						CreatedOnToolsVersion = 8.1;
						DevelopmentTeam = 6VSG94VVFH;
						ProvisioningStyle = Automatic;
						TestTargetID = F7AB26E11DF62ACF004DFC86;
					};
					F7AB27091DF62B1C004DFC86 = {
						CreatedOnToolsVersion = 8.1;
						DevelopmentTeam = 6VSG94VVFH;
						LastSwiftMigration = 0810;
						ProvisioningStyle = Automatic;
					};
					F7AB27111DF62B1C004DFC86 = {
						CreatedOnToolsVersion = 8.1;
						DevelopmentTeam = 6VSG94VVFH;
						ProvisioningStyle = Automatic;
						TestTargetID = F7AB26E11DF62ACF004DFC86;
					};
				};
			};
			buildConfigurationList = F7AB26DD1DF62ACF004DFC86 /* Build configuration list for PBXProject "PhotoSpots" */;
			compatibilityVersion = "Xcode 3.2";
			developmentRegion = English;
			hasScannedForEncodings = 0;
			knownRegions = (
				en,
				Base,
			);
			mainGroup = F7AB26D91DF62ACF004DFC86;
			productRefGroup = F7AB26E31DF62ACF004DFC86 /* Products */;
			projectDirPath = "";
			projectRoot = "";
			targets = (
				F7AB26E11DF62ACF004DFC86 /* PhotoSpots */,
				F7AB26F51DF62AD0004DFC86 /* PhotoSpotsTests */,
				F7AB27091DF62B1C004DFC86 /* PhotoSpotsCore */,
				F7AB27111DF62B1C004DFC86 /* PhotoSpotsCoreTests */,
			);
		};
/* End PBXProject section */

/* Begin PBXResourcesBuildPhase section */
		F7AB26E01DF62ACF004DFC86 /* Resources */ = {
			isa = PBXResourcesBuildPhase;
			buildActionMask = 2147483647;
			files = (
				F7AB26F01DF62ACF004DFC86 /* LaunchScreen.storyboard in Resources */,
				F7AB26ED1DF62ACF004DFC86 /* Assets.xcassets in Resources */,
				F7AB27401DF6450C004DFC86 /* LocationsListTableViewCell.xib in Resources */,
				F7AB26EB1DF62ACF004DFC86 /* Main.storyboard in Resources */,
			);
			runOnlyForDeploymentPostprocessing = 0;
		};
		F7AB26F41DF62AD0004DFC86 /* Resources */ = {
			isa = PBXResourcesBuildPhase;
			buildActionMask = 2147483647;
			files = (
			);
			runOnlyForDeploymentPostprocessing = 0;
		};
		F7AB27081DF62B1C004DFC86 /* Resources */ = {
			isa = PBXResourcesBuildPhase;
			buildActionMask = 2147483647;
			files = (
				F7AB27291DF62BE2004DFC86 /* locations.json in Resources */,
			);
			runOnlyForDeploymentPostprocessing = 0;
		};
		F7AB27101DF62B1C004DFC86 /* Resources */ = {
			isa = PBXResourcesBuildPhase;
			buildActionMask = 2147483647;
			files = (
			);
			runOnlyForDeploymentPostprocessing = 0;
		};
/* End PBXResourcesBuildPhase section */

/* Begin PBXSourcesBuildPhase section */
		F7AB26DE1DF62ACF004DFC86 /* Sources */ = {
			isa = PBXSourcesBuildPhase;
			buildActionMask = 2147483647;
			files = (
				F7AB272B1DF62E86004DFC86 /* LocationsMapViewController.swift in Sources */,
				F7AB26E81DF62ACF004DFC86 /* LocationsListViewController.swift in Sources */,
				F7AB273F1DF6450C004DFC86 /* LocationsListTableViewCell.swift in Sources */,
				F7AB26E61DF62ACF004DFC86 /* AppDelegate.swift in Sources */,
				F7AB273B1DF64445004DFC86 /* LocationsListViewController+TableView.swift in Sources */,
			);
			runOnlyForDeploymentPostprocessing = 0;
		};
		F7AB26F21DF62AD0004DFC86 /* Sources */ = {
			isa = PBXSourcesBuildPhase;
			buildActionMask = 2147483647;
			files = (
				F7AB26FB1DF62AD0004DFC86 /* PhotoSpotsTests.swift in Sources */,
			);
			runOnlyForDeploymentPostprocessing = 0;
		};
		F7AB27051DF62B1C004DFC86 /* Sources */ = {
			isa = PBXSourcesBuildPhase;
			buildActionMask = 2147483647;
			files = (
				F7AB27471DF645E2004DFC86 /* LocationsListCellViewModel.swift in Sources */,
				F7AB27431DF64543004DFC86 /* Reusable.swift in Sources */,
				F7AB27391DF634C2004DFC86 /* LocationsJSONSerializer.swift in Sources */,
				F7AB27371DF630BE004DFC86 /* LocationsController.swift in Sources */,
				F7AB27351DF63051004DFC86 /* Defaults.swift in Sources */,
				F7AB27311DF62F22004DFC86 /* Location.swift in Sources */,
				F7AB27331DF62FD7004DFC86 /* LocalStorage.swift in Sources */,
			);
			runOnlyForDeploymentPostprocessing = 0;
		};
		F7AB270E1DF62B1C004DFC86 /* Sources */ = {
			isa = PBXSourcesBuildPhase;
			buildActionMask = 2147483647;
			files = (
				F7AB271A1DF62B1D004DFC86 /* PhotoSpotsCoreTests.swift in Sources */,
			);
			runOnlyForDeploymentPostprocessing = 0;
		};
/* End PBXSourcesBuildPhase section */

/* Begin PBXTargetDependency section */
		F7AB26F81DF62AD0004DFC86 /* PBXTargetDependency */ = {
			isa = PBXTargetDependency;
			target = F7AB26E11DF62ACF004DFC86 /* PhotoSpots */;
			targetProxy = F7AB26F71DF62AD0004DFC86 /* PBXContainerItemProxy */;
		};
		F7AB27151DF62B1C004DFC86 /* PBXTargetDependency */ = {
			isa = PBXTargetDependency;
			target = F7AB27091DF62B1C004DFC86 /* PhotoSpotsCore */;
			targetProxy = F7AB27141DF62B1C004DFC86 /* PBXContainerItemProxy */;
		};
		F7AB27171DF62B1D004DFC86 /* PBXTargetDependency */ = {
			isa = PBXTargetDependency;
			target = F7AB26E11DF62ACF004DFC86 /* PhotoSpots */;
			targetProxy = F7AB27161DF62B1D004DFC86 /* PBXContainerItemProxy */;
		};
		F7AB271E1DF62B1D004DFC86 /* PBXTargetDependency */ = {
			isa = PBXTargetDependency;
			target = F7AB27091DF62B1C004DFC86 /* PhotoSpotsCore */;
			targetProxy = F7AB271D1DF62B1D004DFC86 /* PBXContainerItemProxy */;
		};
/* End PBXTargetDependency section */

/* Begin PBXVariantGroup section */
		F7AB26E91DF62ACF004DFC86 /* Main.storyboard */ = {
			isa = PBXVariantGroup;
			children = (
				F7AB26EA1DF62ACF004DFC86 /* Base */,
			);
			name = Main.storyboard;
			sourceTree = "<group>";
		};
		F7AB26EE1DF62ACF004DFC86 /* LaunchScreen.storyboard */ = {
			isa = PBXVariantGroup;
			children = (
				F7AB26EF1DF62ACF004DFC86 /* Base */,
			);
			name = LaunchScreen.storyboard;
			sourceTree = "<group>";
		};
/* End PBXVariantGroup section */

/* Begin XCBuildConfiguration section */
		F7AB26FD1DF62AD0004DFC86 /* Debug */ = {
			isa = XCBuildConfiguration;
			buildSettings = {
				ALWAYS_SEARCH_USER_PATHS = NO;
				CLANG_ANALYZER_NONNULL = YES;
				CLANG_CXX_LANGUAGE_STANDARD = "gnu++0x";
				CLANG_CXX_LIBRARY = "libc++";
				CLANG_ENABLE_MODULES = YES;
				CLANG_ENABLE_OBJC_ARC = YES;
				CLANG_WARN_BOOL_CONVERSION = YES;
				CLANG_WARN_CONSTANT_CONVERSION = YES;
				CLANG_WARN_DIRECT_OBJC_ISA_USAGE = YES_ERROR;
				CLANG_WARN_DOCUMENTATION_COMMENTS = YES;
				CLANG_WARN_EMPTY_BODY = YES;
				CLANG_WARN_ENUM_CONVERSION = YES;
				CLANG_WARN_INFINITE_RECURSION = YES;
				CLANG_WARN_INT_CONVERSION = YES;
				CLANG_WARN_OBJC_ROOT_CLASS = YES_ERROR;
				CLANG_WARN_SUSPICIOUS_MOVES = YES;
				CLANG_WARN_UNREACHABLE_CODE = YES;
				CLANG_WARN__DUPLICATE_METHOD_MATCH = YES;
				"CODE_SIGN_IDENTITY[sdk=iphoneos*]" = "iPhone Developer";
				COPY_PHASE_STRIP = NO;
				DEBUG_INFORMATION_FORMAT = dwarf;
				ENABLE_STRICT_OBJC_MSGSEND = YES;
				ENABLE_TESTABILITY = YES;
				GCC_C_LANGUAGE_STANDARD = gnu99;
				GCC_DYNAMIC_NO_PIC = NO;
				GCC_NO_COMMON_BLOCKS = YES;
				GCC_OPTIMIZATION_LEVEL = 0;
				GCC_PREPROCESSOR_DEFINITIONS = (
					"DEBUG=1",
					"$(inherited)",
				);
				GCC_WARN_64_TO_32_BIT_CONVERSION = YES;
				GCC_WARN_ABOUT_RETURN_TYPE = YES_ERROR;
				GCC_WARN_UNDECLARED_SELECTOR = YES;
				GCC_WARN_UNINITIALIZED_AUTOS = YES_AGGRESSIVE;
				GCC_WARN_UNUSED_FUNCTION = YES;
				GCC_WARN_UNUSED_VARIABLE = YES;
				IPHONEOS_DEPLOYMENT_TARGET = 10.1;
				MTL_ENABLE_DEBUG_INFO = YES;
				ONLY_ACTIVE_ARCH = YES;
				SDKROOT = iphoneos;
				SWIFT_ACTIVE_COMPILATION_CONDITIONS = DEBUG;
				SWIFT_OPTIMIZATION_LEVEL = "-Onone";
			};
			name = Debug;
		};
		F7AB26FE1DF62AD0004DFC86 /* Release */ = {
			isa = XCBuildConfiguration;
			buildSettings = {
				ALWAYS_SEARCH_USER_PATHS = NO;
				CLANG_ANALYZER_NONNULL = YES;
				CLANG_CXX_LANGUAGE_STANDARD = "gnu++0x";
				CLANG_CXX_LIBRARY = "libc++";
				CLANG_ENABLE_MODULES = YES;
				CLANG_ENABLE_OBJC_ARC = YES;
				CLANG_WARN_BOOL_CONVERSION = YES;
				CLANG_WARN_CONSTANT_CONVERSION = YES;
				CLANG_WARN_DIRECT_OBJC_ISA_USAGE = YES_ERROR;
				CLANG_WARN_DOCUMENTATION_COMMENTS = YES;
				CLANG_WARN_EMPTY_BODY = YES;
				CLANG_WARN_ENUM_CONVERSION = YES;
				CLANG_WARN_INFINITE_RECURSION = YES;
				CLANG_WARN_INT_CONVERSION = YES;
				CLANG_WARN_OBJC_ROOT_CLASS = YES_ERROR;
				CLANG_WARN_SUSPICIOUS_MOVES = YES;
				CLANG_WARN_UNREACHABLE_CODE = YES;
				CLANG_WARN__DUPLICATE_METHOD_MATCH = YES;
				"CODE_SIGN_IDENTITY[sdk=iphoneos*]" = "iPhone Developer";
				COPY_PHASE_STRIP = NO;
				DEBUG_INFORMATION_FORMAT = "dwarf-with-dsym";
				ENABLE_NS_ASSERTIONS = NO;
				ENABLE_STRICT_OBJC_MSGSEND = YES;
				GCC_C_LANGUAGE_STANDARD = gnu99;
				GCC_NO_COMMON_BLOCKS = YES;
				GCC_WARN_64_TO_32_BIT_CONVERSION = YES;
				GCC_WARN_ABOUT_RETURN_TYPE = YES_ERROR;
				GCC_WARN_UNDECLARED_SELECTOR = YES;
				GCC_WARN_UNINITIALIZED_AUTOS = YES_AGGRESSIVE;
				GCC_WARN_UNUSED_FUNCTION = YES;
				GCC_WARN_UNUSED_VARIABLE = YES;
				IPHONEOS_DEPLOYMENT_TARGET = 10.1;
				MTL_ENABLE_DEBUG_INFO = NO;
				SDKROOT = iphoneos;
				SWIFT_OPTIMIZATION_LEVEL = "-Owholemodule";
				VALIDATE_PRODUCT = YES;
			};
			name = Release;
		};
		F7AB27001DF62AD0004DFC86 /* Debug */ = {
			isa = XCBuildConfiguration;
			buildSettings = {
				ALWAYS_EMBED_SWIFT_STANDARD_LIBRARIES = YES;
				ASSETCATALOG_COMPILER_APPICON_NAME = AppIcon;
				DEVELOPMENT_TEAM = 6VSG94VVFH;
				INFOPLIST_FILE = PhotoSpots/Info.plist;
				LD_RUNPATH_SEARCH_PATHS = "$(inherited) @executable_path/Frameworks";
				PRODUCT_BUNDLE_IDENTIFIER = com.phillfarrugia.PhotoSpots;
				PRODUCT_NAME = "$(TARGET_NAME)";
				SWIFT_VERSION = 3.0;
			};
			name = Debug;
		};
		F7AB27011DF62AD0004DFC86 /* Release */ = {
			isa = XCBuildConfiguration;
			buildSettings = {
				ALWAYS_EMBED_SWIFT_STANDARD_LIBRARIES = YES;
				ASSETCATALOG_COMPILER_APPICON_NAME = AppIcon;
				DEVELOPMENT_TEAM = 6VSG94VVFH;
				INFOPLIST_FILE = PhotoSpots/Info.plist;
				LD_RUNPATH_SEARCH_PATHS = "$(inherited) @executable_path/Frameworks";
				PRODUCT_BUNDLE_IDENTIFIER = com.phillfarrugia.PhotoSpots;
				PRODUCT_NAME = "$(TARGET_NAME)";
				SWIFT_VERSION = 3.0;
			};
			name = Release;
		};
		F7AB27031DF62AD0004DFC86 /* Debug */ = {
			isa = XCBuildConfiguration;
			buildSettings = {
				ALWAYS_EMBED_SWIFT_STANDARD_LIBRARIES = YES;
				BUNDLE_LOADER = "$(TEST_HOST)";
				DEVELOPMENT_TEAM = 6VSG94VVFH;
				INFOPLIST_FILE = PhotoSpotsTests/Info.plist;
				LD_RUNPATH_SEARCH_PATHS = "$(inherited) @executable_path/Frameworks @loader_path/Frameworks";
				PRODUCT_BUNDLE_IDENTIFIER = com.phillfarrugia.PhotoSpotsTests;
				PRODUCT_NAME = "$(TARGET_NAME)";
				SWIFT_VERSION = 3.0;
				TEST_HOST = "$(BUILT_PRODUCTS_DIR)/PhotoSpots.app/PhotoSpots";
			};
			name = Debug;
		};
		F7AB27041DF62AD0004DFC86 /* Release */ = {
			isa = XCBuildConfiguration;
			buildSettings = {
				ALWAYS_EMBED_SWIFT_STANDARD_LIBRARIES = YES;
				BUNDLE_LOADER = "$(TEST_HOST)";
				DEVELOPMENT_TEAM = 6VSG94VVFH;
				INFOPLIST_FILE = PhotoSpotsTests/Info.plist;
				LD_RUNPATH_SEARCH_PATHS = "$(inherited) @executable_path/Frameworks @loader_path/Frameworks";
				PRODUCT_BUNDLE_IDENTIFIER = com.phillfarrugia.PhotoSpotsTests;
				PRODUCT_NAME = "$(TARGET_NAME)";
				SWIFT_VERSION = 3.0;
				TEST_HOST = "$(BUILT_PRODUCTS_DIR)/PhotoSpots.app/PhotoSpots";
			};
			name = Release;
		};
		F7AB27211DF62B1D004DFC86 /* Debug */ = {
			isa = XCBuildConfiguration;
			buildSettings = {
				CLANG_ENABLE_MODULES = YES;
				CODE_SIGN_IDENTITY = "";
				CURRENT_PROJECT_VERSION = 1;
				DEFINES_MODULE = YES;
				DEVELOPMENT_TEAM = 6VSG94VVFH;
				DYLIB_COMPATIBILITY_VERSION = 1;
				DYLIB_CURRENT_VERSION = 1;
				DYLIB_INSTALL_NAME_BASE = "@rpath";
				INFOPLIST_FILE = PhotoSpotsCore/Info.plist;
				INSTALL_PATH = "$(LOCAL_LIBRARY_DIR)/Frameworks";
				LD_RUNPATH_SEARCH_PATHS = "$(inherited) @executable_path/Frameworks @loader_path/Frameworks";
				PRODUCT_BUNDLE_IDENTIFIER = com.phillfarrugia.PhotoSpotsCore;
				PRODUCT_NAME = "$(TARGET_NAME)";
				SKIP_INSTALL = YES;
				SWIFT_OPTIMIZATION_LEVEL = "-Onone";
				SWIFT_VERSION = 3.0;
				TARGETED_DEVICE_FAMILY = "1,2";
				VERSIONING_SYSTEM = "apple-generic";
				VERSION_INFO_PREFIX = "";
			};
			name = Debug;
		};
		F7AB27221DF62B1D004DFC86 /* Release */ = {
			isa = XCBuildConfiguration;
			buildSettings = {
				CLANG_ENABLE_MODULES = YES;
				CODE_SIGN_IDENTITY = "";
				CURRENT_PROJECT_VERSION = 1;
				DEFINES_MODULE = YES;
				DEVELOPMENT_TEAM = 6VSG94VVFH;
				DYLIB_COMPATIBILITY_VERSION = 1;
				DYLIB_CURRENT_VERSION = 1;
				DYLIB_INSTALL_NAME_BASE = "@rpath";
				INFOPLIST_FILE = PhotoSpotsCore/Info.plist;
				INSTALL_PATH = "$(LOCAL_LIBRARY_DIR)/Frameworks";
				LD_RUNPATH_SEARCH_PATHS = "$(inherited) @executable_path/Frameworks @loader_path/Frameworks";
				PRODUCT_BUNDLE_IDENTIFIER = com.phillfarrugia.PhotoSpotsCore;
				PRODUCT_NAME = "$(TARGET_NAME)";
				SKIP_INSTALL = YES;
				SWIFT_VERSION = 3.0;
				TARGETED_DEVICE_FAMILY = "1,2";
				VERSIONING_SYSTEM = "apple-generic";
				VERSION_INFO_PREFIX = "";
			};
			name = Release;
		};
		F7AB27231DF62B1D004DFC86 /* Debug */ = {
			isa = XCBuildConfiguration;
			buildSettings = {
				ALWAYS_EMBED_SWIFT_STANDARD_LIBRARIES = YES;
				DEVELOPMENT_TEAM = 6VSG94VVFH;
				INFOPLIST_FILE = PhotoSpotsCoreTests/Info.plist;
				LD_RUNPATH_SEARCH_PATHS = "$(inherited) @executable_path/Frameworks @loader_path/Frameworks";
				PRODUCT_BUNDLE_IDENTIFIER = com.phillfarrugia.PhotoSpotsCoreTests;
				PRODUCT_NAME = "$(TARGET_NAME)";
				SWIFT_VERSION = 3.0;
				TEST_HOST = "$(BUILT_PRODUCTS_DIR)/PhotoSpots.app/PhotoSpots";
			};
			name = Debug;
		};
		F7AB27241DF62B1D004DFC86 /* Release */ = {
			isa = XCBuildConfiguration;
			buildSettings = {
				ALWAYS_EMBED_SWIFT_STANDARD_LIBRARIES = YES;
				DEVELOPMENT_TEAM = 6VSG94VVFH;
				INFOPLIST_FILE = PhotoSpotsCoreTests/Info.plist;
				LD_RUNPATH_SEARCH_PATHS = "$(inherited) @executable_path/Frameworks @loader_path/Frameworks";
				PRODUCT_BUNDLE_IDENTIFIER = com.phillfarrugia.PhotoSpotsCoreTests;
				PRODUCT_NAME = "$(TARGET_NAME)";
				SWIFT_VERSION = 3.0;
				TEST_HOST = "$(BUILT_PRODUCTS_DIR)/PhotoSpots.app/PhotoSpots";
			};
			name = Release;
		};
/* End XCBuildConfiguration section */

/* Begin XCConfigurationList section */
		F7AB26DD1DF62ACF004DFC86 /* Build configuration list for PBXProject "PhotoSpots" */ = {
			isa = XCConfigurationList;
			buildConfigurations = (
				F7AB26FD1DF62AD0004DFC86 /* Debug */,
				F7AB26FE1DF62AD0004DFC86 /* Release */,
			);
			defaultConfigurationIsVisible = 0;
			defaultConfigurationName = Release;
		};
		F7AB26FF1DF62AD0004DFC86 /* Build configuration list for PBXNativeTarget "PhotoSpots" */ = {
			isa = XCConfigurationList;
			buildConfigurations = (
				F7AB27001DF62AD0004DFC86 /* Debug */,
				F7AB27011DF62AD0004DFC86 /* Release */,
			);
			defaultConfigurationIsVisible = 0;
			defaultConfigurationName = Release;
		};
		F7AB27021DF62AD0004DFC86 /* Build configuration list for PBXNativeTarget "PhotoSpotsTests" */ = {
			isa = XCConfigurationList;
			buildConfigurations = (
				F7AB27031DF62AD0004DFC86 /* Debug */,
				F7AB27041DF62AD0004DFC86 /* Release */,
			);
			defaultConfigurationIsVisible = 0;
			defaultConfigurationName = Release;
		};
		F7AB27251DF62B1D004DFC86 /* Build configuration list for PBXNativeTarget "PhotoSpotsCore" */ = {
			isa = XCConfigurationList;
			buildConfigurations = (
				F7AB27211DF62B1D004DFC86 /* Debug */,
				F7AB27221DF62B1D004DFC86 /* Release */,
			);
			defaultConfigurationIsVisible = 0;
		};
		F7AB27271DF62B1D004DFC86 /* Build configuration list for PBXNativeTarget "PhotoSpotsCoreTests" */ = {
			isa = XCConfigurationList;
			buildConfigurations = (
				F7AB27231DF62B1D004DFC86 /* Debug */,
				F7AB27241DF62B1D004DFC86 /* Release */,
			);
			defaultConfigurationIsVisible = 0;
		};
/* End XCConfigurationList section */
	};
	rootObject = F7AB26DA1DF62ACF004DFC86 /* Project object */;
}
